
Microsoft Visual Studio Solution File, Format Version 12.00
# Visual Studio Version 17
VisualStudioVersion = 17.11.35219.272
MinimumVisualStudioVersion = 10.0.40219.1
Project("{9A19103F-16F7-4668-BE54-9A1E7A4F7556}") = "NETTesteMVVM", "NETTesteMVVM\NETTesteMVVM.csproj", "{232FD3BC-4009-45AE-9548-DD029A52BDB8}"
EndProject
Project("{778DAE3C-4631-46EA-AA77-85C1314464D9}") = "VisualBasicLib", "NETLibMVVM\VisualBasicLib\VisualBasicLib.vbproj", "{258E5BF8-7510-4065-A48D-A35C72B699C5}"
EndProject
Project("{F184B08F-C81C-45F6-A57F-5ABD9991F28F}") = "WindowsFormsCRUD", "NETFrameworkMVVM\WindowsFormsCRUD\WindowsFormsCRUD.vbproj", "{338C579A-F77C-4224-934F-69819C718F07}"
EndProject
Global
	GlobalSection(SolutionConfigurationPlatforms) = preSolution
		Debug|Any CPU = Debug|Any CPU
		Release|Any CPU = Release|Any CPU
	EndGlobalSection
	GlobalSection(ProjectConfigurationPlatforms) = postSolution
		{232FD3BC-4009-45AE-9548-DD029A52BDB8}.Debug|Any CPU.ActiveCfg = Debug|Any CPU
		{232FD3BC-4009-45AE-9548-DD029A52BDB8}.Debug|Any CPU.Build.0 = Debug|Any CPU
		{232FD3BC-4009-45AE-9548-DD029A52BDB8}.Release|Any CPU.ActiveCfg = Release|Any CPU
		{232FD3BC-4009-45AE-9548-DD029A52BDB8}.Release|Any CPU.Build.0 = Release|Any CPU
		{258E5BF8-7510-4065-A48D-A35C72B699C5}.Debug|Any CPU.ActiveCfg = Debug|Any CPU
		{258E5BF8-7510-4065-A48D-A35C72B699C5}.Debug|Any CPU.Build.0 = Debug|Any CPU
		{258E5BF8-7510-4065-A48D-A35C72B699C5}.Release|Any CPU.ActiveCfg = Release|Any CPU
		{258E5BF8-7510-4065-A48D-A35C72B699C5}.Release|Any CPU.Build.0 = Release|Any CPU
		{338C579A-F77C-4224-934F-69819C718F07}.Debug|Any CPU.ActiveCfg = Debug|Any CPU
		{338C579A-F77C-4224-934F-69819C718F07}.Debug|Any CPU.Build.0 = Debug|Any CPU
		{338C579A-F77C-4224-934F-69819C718F07}.Release|Any CPU.ActiveCfg = Release|Any CPU
		{338C579A-F77C-4224-934F-69819C718F07}.Release|Any CPU.Build.0 = Release|Any CPU
	EndGlobalSection
	GlobalSection(SolutionProperties) = preSolution
		HideSolutionNode = FALSE
	EndGlobalSection
	GlobalSection(ExtensibilityGlobals) = postSolution
		SolutionGuid = {A05A8E25-C2AE-4C88-84C8-BA40B6E16D0C}
	EndGlobalSection
EndGlobal
